{
  "name": "redux-generator",
  "version": "1.0.0",
  "lockfileVersion": 1,
  "requires": true,
  "dependencies": {
    "redux-loop": {
      "version": "5.0.0",
      "resolved": "https://registry.npmjs.org/redux-loop/-/redux-loop-5.0.0.tgz",
      "integrity": "sha512-q6CCux5XRLZJ9jaceET4nyViJkUy6+JFI4RDBH667T8lI3pG/npbQKjEx4uZEpL8dYUrkeCrwdc1CtEzQ0EzjQ=="
    },
    "reselect": {
      "version": "4.0.0",
      "resolved": "https://registry.npmjs.org/reselect/-/reselect-4.0.0.tgz",
      "integrity": "sha512-qUgANli03jjAyGlnbYVAV5vvnOmJnODyABz51RdBN7M4WaVu8mecZWgyQNkG8Yqe3KRGRt0l4K4B3XVEULC4CA=="
    }
  }
}
